
Microsoft Visual Studio Solution File, Format Version 12.00
# Visual Studio Version 16
VisualStudioVersion = 16.0.28803.452
MinimumVisualStudioVersion = 10.0.40219.1
Project("{FAE04EC0-301F-11D3-BF4B-00C04F79EFBC}") = "RabbitMQDemo", "RabbitMQDemo.csproj", "{00C55F23-D574-4B55-9328-807A6B8A672B}"
EndProject
Global
	GlobalSection(SolutionConfigurationPlatforms) = preSolution
		Debug|Any CPU = Debug|Any CPU
		Release|Any CPU = Release|Any CPU
	EndGlobalSection
	GlobalSection(ProjectConfigurationPlatforms) = postSolution
		{00C55F23-D574-4B55-9328-807A6B8A672B}.Debug|Any CPU.ActiveCfg = Debug|Any CPU
		{00C55F23-D574-4B55-9328-807A6B8A672B}.Debug|Any CPU.Build.0 = Debug|Any CPU
		{00C55F23-D574-4B55-9328-807A6B8A672B}.Release|Any CPU.ActiveCfg = Release|Any CPU
		{00C55F23-D574-4B55-9328-807A6B8A672B}.Release|Any CPU.Build.0 = Release|Any CPU
	EndGlobalSection
	GlobalSection(SolutionProperties) = preSolution
		HideSolutionNode = FALSE
	EndGlobalSection
	GlobalSection(ExtensibilityGlobals) = postSolution
		SolutionGuid = {2C4D1546-E175-48E3-B5AE-ED9892DD3022}
	EndGlobalSection
EndGlobal
